{
  "types": {
    "clock": {
      "gref_hash": "da9d1c247b69702ed49d157f0d697d132f917d00f407438e43c7e438c837c024",
      "type": "sys-clock:Root"
    },
    "process": {
      "gref_hash": "c7a6cc4739f2a6aa697342cf67d4924b8be757dbc2bd9eae395bc939f10d54ea",
      "type": "sys-process:Root"
    },
    "http": {
      "gref_hash": "5cfa57fe83d1201eb831cc168a5dbe9decaa6010603df244ca6855f2fe61440c",
      "type": "http:Root"
    },
    "openai": {
      "gref_hash": "b90b578c2d7b5f5771eb41f0dcf26a78f97f4eb348b9f551568d1b272bea6fc6",
      "type": "openai:Root"
    }
  },
  "imports": [
    {
      "name": "http",
      "schema": {
        "types": [
          {
            "name": "Root",
            "description": "Use this program to make HTTP requests",
            "actions": [
              {
                "name": "post",
                "description": "Performs a POST request",
                "type": "Resource",
                "params": [
                  {
                    "name": "url",
                    "type": "String"
                  },
                  {
                    "name": "headers",
                    "type": "String"
                  },
                  {
                    "name": "body",
                    "type": "String"
                  }
                ],
                "hints": {}
              },
              {
                "name": "put",
                "description": "Performs a PUT request",
                "type": "Resource",
                "params": [
                  {
                    "name": "url",
                    "type": "String"
                  },
                  {
                    "name": "headers",
                    "type": "String"
                  },
                  {
                    "name": "body",
                    "type": "String"
                  }
                ],
                "hints": {}
              },
              {
                "name": "patch",
                "description": "Performs a PATCH request",
                "type": "Resource",
                "params": [
                  {
                    "name": "url",
                    "type": "String"
                  },
                  {
                    "name": "headers",
                    "type": "String"
                  },
                  {
                    "name": "body",
                    "type": "String"
                  }
                ],
                "hints": {}
              },
              {
                "name": "delete",
                "description": "Performs a DELETE request",
                "type": "Resource",
                "params": [
                  {
                    "name": "url",
                    "type": "String"
                  },
                  {
                    "name": "headers",
                    "type": "String"
                  },
                  {
                    "name": "body",
                    "type": "String"
                  }
                ],
                "hints": {}
              }
            ],
            "fields": [
              {
                "name": "get",
                "description": "A resource obtained via a GET request",
                "type": "Resource",
                "params": [
                  {
                    "name": "url",
                    "type": "String"
                  },
                  {
                    "name": "headers",
                    "type": "String"
                  }
                ],
                "hints": {}
              },
              {
                "name": "gref",
                "description": "A reference to this node",
                "type": "Ref",
                "ofType": "Root",
                "params": [],
                "hints": {}
              }
            ],
            "events": []
          },
          {
            "name": "Resource",
            "description": "An HTTP response",
            "actions": [],
            "fields": [
              {
                "name": "status",
                "description": "HTTP status code",
                "type": "Int",
                "params": [],
                "hints": {}
              },
              {
                "name": "headers",
                "description": "HTTP headers returned by server",
                "type": "String",
                "params": [],
                "hints": {}
              },
              {
                "name": "body",
                "description": "Body of the request as a string",
                "type": "String",
                "params": [],
                "hints": {}
              },
              {
                "name": "gref",
                "description": "A reference to this node",
                "type": "Ref",
                "ofType": "Resource",
                "params": [],
                "hints": {}
              }
            ],
            "events": []
          }
        ],
        "imports": [
          {
            "name": "sys-http",
            "schema": {
              "types": [
                {
                  "name": "Root",
                  "description": "",
                  "actions": [
                    {
                      "name": "post",
                      "description": "",
                      "type": "Resource",
                      "params": [
                        {
                          "name": "url",
                          "type": "String"
                        },
                        {
                          "name": "headers",
                          "type": "String"
                        },
                        {
                          "name": "body",
                          "type": "String"
                        }
                      ],
                      "hints": {}
                    },
                    {
                      "name": "put",
                      "description": "",
                      "type": "Resource",
                      "params": [
                        {
                          "name": "url",
                          "type": "String"
                        },
                        {
                          "name": "headers",
                          "type": "String"
                        },
                        {
                          "name": "body",
                          "type": "String"
                        }
                      ],
                      "hints": {}
                    },
                    {
                      "name": "patch",
                      "description": "",
                      "type": "Resource",
                      "params": [
                        {
                          "name": "url",
                          "type": "String"
                        },
                        {
                          "name": "headers",
                          "type": "String"
                        },
                        {
                          "name": "body",
                          "type": "String"
                        }
                      ],
                      "hints": {}
                    },
                    {
                      "name": "delete",
                      "description": "",
                      "type": "Resource",
                      "params": [
                        {
                          "name": "url",
                          "type": "String"
                        },
                        {
                          "name": "headers",
                          "type": "String"
                        },
                        {
                          "name": "body",
                          "type": "String"
                        }
                      ],
                      "hints": {}
                    }
                  ],
                  "fields": [
                    {
                      "name": "get",
                      "description": "",
                      "type": "Resource",
                      "params": [
                        {
                          "name": "url",
                          "type": "String"
                        },
                        {
                          "name": "headers",
                          "type": "String"
                        }
                      ],
                      "hints": {}
                    }
                  ],
                  "events": []
                },
                {
                  "name": "Resource",
                  "description": "",
                  "actions": [],
                  "fields": [
                    {
                      "name": "status",
                      "description": "",
                      "type": "Int",
                      "params": [],
                      "hints": {}
                    },
                    {
                      "name": "headers",
                      "description": "",
                      "type": "String",
                      "params": [],
                      "hints": {}
                    },
                    {
                      "name": "body",
                      "description": "",
                      "type": "String",
                      "params": [],
                      "hints": {}
                    }
                  ],
                  "events": []
                }
              ],
              "imports": []
            },
            "source": {
              "Program": "tbd"
            }
          },
          {
            "name": "sys-clock",
            "schema": {
              "types": [
                {
                  "name": "Root",
                  "description": "",
                  "actions": [
                    {
                      "name": "sleep",
                      "description": "",
                      "type": "Void",
                      "params": [
                        {
                          "name": "key",
                          "type": "String"
                        },
                        {
                          "name": "seconds",
                          "type": "Float"
                        }
                      ],
                      "hints": {}
                    }
                  ],
                  "fields": [],
                  "events": [
                    {
                      "name": "timer",
                      "description": "",
                      "type": "TimerEvent",
                      "params": [
                        {
                          "name": "key",
                          "type": "String"
                        },
                        {
                          "name": "spec",
                          "type": "String"
                        },
                        {
                          "name": "maxCount",
                          "type": "Int"
                        }
                      ],
                      "hints": {}
                    },
                    {
                      "name": "timerAt",
                      "description": "",
                      "type": "TimerEvent",
                      "params": [
                        {
                          "name": "key",
                          "type": "String"
                        },
                        {
                          "name": "seconds",
                          "type": "String"
                        }
                      ],
                      "hints": {}
                    }
                  ]
                },
                {
                  "name": "TimerEvent",
                  "description": "",
                  "actions": [],
                  "fields": [
                    {
                      "name": "id",
                      "description": "",
                      "type": "String",
                      "params": [],
                      "hints": {}
                    }
                  ],
                  "events": []
                }
              ],
              "imports": []
            },
            "source": {
              "Program": "tbd"
            }
          },
          {
            "name": "sys-process",
            "schema": {
              "types": [
                {
                  "name": "Root",
                  "description": "",
                  "actions": [],
                  "fields": [
                    {
                      "name": "endpointUrl",
                      "description": "Gets the program's own endpoint URL",
                      "type": "String",
                      "params": [],
                      "hints": {}
                    }
                  ],
                  "events": []
                }
              ],
              "imports": []
            },
            "source": {
              "Program": "tbd"
            }
          }
        ]
      },
      "source": {
        "Program": "tbd"
      }
    },
    {
      "name": "sys-process",
      "schema": {
        "types": [
          {
            "name": "Root",
            "description": "",
            "actions": [],
            "fields": [
              {
                "name": "endpointUrl",
                "description": "Gets the program's own endpoint URL",
                "type": "String",
                "params": [],
                "hints": {}
              }
            ],
            "events": []
          }
        ],
        "imports": []
      },
      "source": {
        "Program": "tbd"
      }
    },
    {
      "name": "openai",
      "schema": {
        "types": [
          {
            "name": "Root",
            "description": "",
            "actions": [
              {
                "name": "configure",
                "description": "",
                "type": "Void",
                "params": [
                  {
                    "name": "token",
                    "type": "String"
                  }
                ],
                "hints": {}
              },
              {
                "name": "completion",
                "description": "",
                "type": "String",
                "params": [
                  {
                    "name": "prompt",
                    "type": "String"
                  },
                  {
                    "name": "model",
                    "type": "String"
                  },
                  {
                    "name": "max_tokens",
                    "type": "Int"
                  },
                  {
                    "name": "temperature",
                    "type": "Float"
                  }
                ],
                "hints": {}
              },
              {
                "name": "edit",
                "description": "",
                "type": "String",
                "params": [
                  {
                    "name": "input",
                    "type": "String"
                  },
                  {
                    "name": "model",
                    "type": "String"
                  },
                  {
                    "name": "instruction",
                    "type": "String"
                  },
                  {
                    "name": "temperature",
                    "type": "Float"
                  }
                ],
                "hints": {}
              },
              {
                "name": "image",
                "description": "",
                "type": "List",
                "ofType": "Image",
                "params": [
                  {
                    "name": "prompt",
                    "type": "String"
                  },
                  {
                    "name": "n",
                    "type": "Int"
                  },
                  {
                    "name": "size",
                    "type": "String"
                  }
                ],
                "hints": {}
              },
              {
                "name": "moderation",
                "description": "",
                "type": "Moderation",
                "params": [
                  {
                    "name": "input",
                    "type": "String"
                  },
                  {
                    "name": "model",
                    "type": "String"
                  }
                ],
                "hints": {}
              }
            ],
            "fields": [
              {
                "name": "status",
                "description": "",
                "type": "String",
                "params": [],
                "hints": {}
              },
              {
                "name": "models",
                "description": "",
                "type": "ModelsCollection",
                "params": [],
                "hints": {}
              },
              {
                "name": "gref",
                "description": "A reference to this node",
                "type": "Ref",
                "ofType": "Root",
                "params": [],
                "hints": {}
              }
            ],
            "events": []
          },
          {
            "name": "ModelsCollection",
            "description": "",
            "actions": [],
            "fields": [
              {
                "name": "one",
                "description": "",
                "type": "Model",
                "params": [
                  {
                    "name": "id",
                    "type": "String"
                  }
                ],
                "hints": {}
              },
              {
                "name": "page",
                "description": "",
                "type": "List",
                "ofType": "Model",
                "params": [],
                "hints": {}
              },
              {
                "name": "gref",
                "description": "A reference to this node",
                "type": "Ref",
                "ofType": "ModelsCollection",
                "params": [],
                "hints": {}
              }
            ],
            "events": []
          },
          {
            "name": "Model",
            "description": "",
            "actions": [],
            "fields": [
              {
                "name": "id",
                "description": "",
                "type": "String",
                "params": [],
                "hints": {}
              },
              {
                "name": "object",
                "description": "",
                "type": "String",
                "params": [],
                "hints": {}
              },
              {
                "name": "owned_by",
                "description": "",
                "type": "String",
                "params": [],
                "hints": {
                  "primary": true
                }
              },
              {
                "name": "gref",
                "description": "A reference to this node",
                "type": "Ref",
                "ofType": "Model",
                "params": [],
                "hints": {}
              }
            ],
            "events": []
          },
          {
            "name": "Image",
            "description": "",
            "actions": [],
            "fields": [
              {
                "name": "url",
                "description": "",
                "type": "String",
                "params": [],
                "hints": {}
              },
              {
                "name": "gref",
                "description": "A reference to this node",
                "type": "Ref",
                "ofType": "Image",
                "params": [],
                "hints": {}
              }
            ],
            "events": []
          },
          {
            "name": "Moderation",
            "description": "",
            "actions": [],
            "fields": [
              {
                "name": "violence/graphic",
                "description": "",
                "type": "Boolean",
                "params": [],
                "hints": {}
              },
              {
                "name": "violence",
                "description": "",
                "type": "Boolean",
                "params": [],
                "hints": {}
              },
              {
                "name": "sexual/minors",
                "description": "",
                "type": "Boolean",
                "params": [],
                "hints": {}
              },
              {
                "name": "sexual",
                "description": "",
                "type": "Boolean",
                "params": [],
                "hints": {}
              },
              {
                "name": "self-harm",
                "description": "",
                "type": "Boolean",
                "params": [],
                "hints": {}
              },
              {
                "name": "hate/threatening",
                "description": "",
                "type": "Boolean",
                "params": [],
                "hints": {}
              },
              {
                "name": "hate",
                "description": "",
                "type": "Boolean",
                "params": [],
                "hints": {}
              },
              {
                "name": "gref",
                "description": "A reference to this node",
                "type": "Ref",
                "ofType": "Moderation",
                "params": [],
                "hints": {}
              }
            ],
            "events": []
          }
        ],
        "imports": [
          {
            "name": "sys-process",
            "schema": {
              "types": [
                {
                  "name": "Root",
                  "description": "",
                  "actions": [],
                  "fields": [
                    {
                      "name": "endpointUrl",
                      "description": "Gets the program's own endpoint URL",
                      "type": "String",
                      "params": [],
                      "hints": {}
                    }
                  ],
                  "events": []
                }
              ],
              "imports": []
            },
            "source": {
              "Program": "tbd"
            }
          },
          {
            "name": "http",
            "schema": {
              "types": [
                {
                  "name": "Root",
                  "description": "Use this program to make HTTP requests",
                  "actions": [
                    {
                      "name": "post",
                      "description": "Performs a POST request",
                      "type": "Resource",
                      "params": [
                        {
                          "name": "url",
                          "type": "String"
                        },
                        {
                          "name": "headers",
                          "type": "String"
                        },
                        {
                          "name": "body",
                          "type": "String"
                        }
                      ],
                      "hints": {}
                    },
                    {
                      "name": "put",
                      "description": "Performs a PUT request",
                      "type": "Resource",
                      "params": [
                        {
                          "name": "url",
                          "type": "String"
                        },
                        {
                          "name": "headers",
                          "type": "String"
                        },
                        {
                          "name": "body",
                          "type": "String"
                        }
                      ],
                      "hints": {}
                    },
                    {
                      "name": "patch",
                      "description": "Performs a PATCH request",
                      "type": "Resource",
                      "params": [
                        {
                          "name": "url",
                          "type": "String"
                        },
                        {
                          "name": "headers",
                          "type": "String"
                        },
                        {
                          "name": "body",
                          "type": "String"
                        }
                      ],
                      "hints": {}
                    },
                    {
                      "name": "delete",
                      "description": "Performs a DELETE request",
                      "type": "Resource",
                      "params": [
                        {
                          "name": "url",
                          "type": "String"
                        },
                        {
                          "name": "headers",
                          "type": "String"
                        },
                        {
                          "name": "body",
                          "type": "String"
                        }
                      ],
                      "hints": {}
                    }
                  ],
                  "fields": [
                    {
                      "name": "get",
                      "description": "A resource obtained via a GET request",
                      "type": "Resource",
                      "params": [
                        {
                          "name": "url",
                          "type": "String"
                        },
                        {
                          "name": "headers",
                          "type": "String"
                        }
                      ],
                      "hints": {}
                    },
                    {
                      "name": "gref",
                      "description": "A reference to this node",
                      "type": "Ref",
                      "ofType": "Root",
                      "params": [],
                      "hints": {}
                    }
                  ],
                  "events": []
                },
                {
                  "name": "Resource",
                  "description": "An HTTP response",
                  "actions": [],
                  "fields": [
                    {
                      "name": "status",
                      "description": "HTTP status code",
                      "type": "Int",
                      "params": [],
                      "hints": {}
                    },
                    {
                      "name": "headers",
                      "description": "HTTP headers returned by server",
                      "type": "String",
                      "params": [],
                      "hints": {}
                    },
                    {
                      "name": "body",
                      "description": "Body of the request as a string",
                      "type": "String",
                      "params": [],
                      "hints": {}
                    },
                    {
                      "name": "gref",
                      "description": "A reference to this node",
                      "type": "Ref",
                      "ofType": "Resource",
                      "params": [],
                      "hints": {}
                    }
                  ],
                  "events": []
                }
              ],
              "imports": [
                {
                  "name": "sys-http",
                  "schema": {
                    "types": [
                      {
                        "name": "Root",
                        "description": "",
                        "actions": [
                          {
                            "name": "post",
                            "description": "",
                            "type": "Resource",
                            "params": [
                              {
                                "name": "url",
                                "type": "String"
                              },
                              {
                                "name": "headers",
                                "type": "String"
                              },
                              {
                                "name": "body",
                                "type": "String"
                              }
                            ],
                            "hints": {}
                          },
                          {
                            "name": "put",
                            "description": "",
                            "type": "Resource",
                            "params": [
                              {
                                "name": "url",
                                "type": "String"
                              },
                              {
                                "name": "headers",
                                "type": "String"
                              },
                              {
                                "name": "body",
                                "type": "String"
                              }
                            ],
                            "hints": {}
                          },
                          {
                            "name": "patch",
                            "description": "",
                            "type": "Resource",
                            "params": [
                              {
                                "name": "url",
                                "type": "String"
                              },
                              {
                                "name": "headers",
                                "type": "String"
                              },
                              {
                                "name": "body",
                                "type": "String"
                              }
                            ],
                            "hints": {}
                          },
                          {
                            "name": "delete",
                            "description": "",
                            "type": "Resource",
                            "params": [
                              {
                                "name": "url",
                                "type": "String"
                              },
                              {
                                "name": "headers",
                                "type": "String"
                              },
                              {
                                "name": "body",
                                "type": "String"
                              }
                            ],
                            "hints": {}
                          }
                        ],
                        "fields": [
                          {
                            "name": "get",
                            "description": "",
                            "type": "Resource",
                            "params": [
                              {
                                "name": "url",
                                "type": "String"
                              },
                              {
                                "name": "headers",
                                "type": "String"
                              }
                            ],
                            "hints": {}
                          }
                        ],
                        "events": []
                      },
                      {
                        "name": "Resource",
                        "description": "",
                        "actions": [],
                        "fields": [
                          {
                            "name": "status",
                            "description": "",
                            "type": "Int",
                            "params": [],
                            "hints": {}
                          },
                          {
                            "name": "headers",
                            "description": "",
                            "type": "String",
                            "params": [],
                            "hints": {}
                          },
                          {
                            "name": "body",
                            "description": "",
                            "type": "String",
                            "params": [],
                            "hints": {}
                          }
                        ],
                        "events": []
                      }
                    ],
                    "imports": []
                  },
                  "source": {
                    "Program": "tbd"
                  }
                },
                {
                  "name": "sys-clock",
                  "schema": {
                    "types": [
                      {
                        "name": "Root",
                        "description": "",
                        "actions": [
                          {
                            "name": "sleep",
                            "description": "",
                            "type": "Void",
                            "params": [
                              {
                                "name": "key",
                                "type": "String"
                              },
                              {
                                "name": "seconds",
                                "type": "Float"
                              }
                            ],
                            "hints": {}
                          }
                        ],
                        "fields": [],
                        "events": [
                          {
                            "name": "timer",
                            "description": "",
                            "type": "TimerEvent",
                            "params": [
                              {
                                "name": "key",
                                "type": "String"
                              },
                              {
                                "name": "spec",
                                "type": "String"
                              },
                              {
                                "name": "maxCount",
                                "type": "Int"
                              }
                            ],
                            "hints": {}
                          },
                          {
                            "name": "timerAt",
                            "description": "",
                            "type": "TimerEvent",
                            "params": [
                              {
                                "name": "key",
                                "type": "String"
                              },
                              {
                                "name": "seconds",
                                "type": "String"
                              }
                            ],
                            "hints": {}
                          }
                        ]
                      },
                      {
                        "name": "TimerEvent",
                        "description": "",
                        "actions": [],
                        "fields": [
                          {
                            "name": "id",
                            "description": "",
                            "type": "String",
                            "params": [],
                            "hints": {}
                          }
                        ],
                        "events": []
                      }
                    ],
                    "imports": []
                  },
                  "source": {
                    "Program": "tbd"
                  }
                },
                {
                  "name": "sys-process",
                  "schema": {
                    "types": [
                      {
                        "name": "Root",
                        "description": "",
                        "actions": [],
                        "fields": [
                          {
                            "name": "endpointUrl",
                            "description": "Gets the program's own endpoint URL",
                            "type": "String",
                            "params": [],
                            "hints": {}
                          }
                        ],
                        "events": []
                      }
                    ],
                    "imports": []
                  },
                  "source": {
                    "Program": "tbd"
                  }
                }
              ]
            },
            "source": {
              "Program": "tbd"
            }
          },
          {
            "name": "sys-clock",
            "schema": {
              "types": [
                {
                  "name": "Root",
                  "description": "",
                  "actions": [
                    {
                      "name": "sleep",
                      "description": "",
                      "type": "Void",
                      "params": [
                        {
                          "name": "key",
                          "type": "String"
                        },
                        {
                          "name": "seconds",
                          "type": "Float"
                        }
                      ],
                      "hints": {}
                    }
                  ],
                  "fields": [],
                  "events": [
                    {
                      "name": "timer",
                      "description": "",
                      "type": "TimerEvent",
                      "params": [
                        {
                          "name": "key",
                          "type": "String"
                        },
                        {
                          "name": "spec",
                          "type": "String"
                        },
                        {
                          "name": "maxCount",
                          "type": "Int"
                        }
                      ],
                      "hints": {}
                    },
                    {
                      "name": "timerAt",
                      "description": "",
                      "type": "TimerEvent",
                      "params": [
                        {
                          "name": "key",
                          "type": "String"
                        },
                        {
                          "name": "seconds",
                          "type": "String"
                        }
                      ],
                      "hints": {}
                    }
                  ]
                },
                {
                  "name": "TimerEvent",
                  "description": "",
                  "actions": [],
                  "fields": [
                    {
                      "name": "id",
                      "description": "",
                      "type": "String",
                      "params": [],
                      "hints": {}
                    }
                  ],
                  "events": []
                }
              ],
              "imports": []
            },
            "source": {
              "Program": "tbd"
            }
          }
        ]
      },
      "source": {
        "Program": "tbd"
      }
    },
    {
      "name": "sys-clock",
      "schema": {
        "types": [
          {
            "name": "Root",
            "description": "",
            "actions": [
              {
                "name": "sleep",
                "description": "",
                "type": "Void",
                "params": [
                  {
                    "name": "key",
                    "type": "String"
                  },
                  {
                    "name": "seconds",
                    "type": "Float"
                  }
                ],
                "hints": {}
              }
            ],
            "fields": [],
            "events": [
              {
                "name": "timer",
                "description": "",
                "type": "TimerEvent",
                "params": [
                  {
                    "name": "key",
                    "type": "String"
                  },
                  {
                    "name": "spec",
                    "type": "String"
                  },
                  {
                    "name": "maxCount",
                    "type": "Int"
                  }
                ],
                "hints": {}
              },
              {
                "name": "timerAt",
                "description": "",
                "type": "TimerEvent",
                "params": [
                  {
                    "name": "key",
                    "type": "String"
                  },
                  {
                    "name": "seconds",
                    "type": "String"
                  }
                ],
                "hints": {}
              }
            ]
          },
          {
            "name": "TimerEvent",
            "description": "",
            "actions": [],
            "fields": [
              {
                "name": "id",
                "description": "",
                "type": "String",
                "params": [],
                "hints": {}
              }
            ],
            "events": []
          }
        ],
        "imports": []
      },
      "source": {
        "Program": "tbd"
      }
    }
  ]
}